
Microsoft Visual Studio Solution File, Format Version 12.00
# Visual Studio Version 17
VisualStudioVersion = 17.14.36804.6 d17.14
MinimumVisualStudioVersion = 10.0.40219.1
Project("{FAE04EC0-301F-11D3-BF4B-00C04F79EFBC}") = "MoviePicker", "MoviePicker\MoviePicker.csproj", "{05999554-30E5-4A36-87A8-E84ADFBBAB22}"
EndProject
Global
	GlobalSection(SolutionConfigurationPlatforms) = preSolution
		Debug|Any CPU = Debug|Any CPU
		Release|Any CPU = Release|Any CPU
	EndGlobalSection
	GlobalSection(ProjectConfigurationPlatforms) = postSolution
		{05999554-30E5-4A36-87A8-E84ADFBBAB22}.Debug|Any CPU.ActiveCfg = Debug|Any CPU
		{05999554-30E5-4A36-87A8-E84ADFBBAB22}.Debug|Any CPU.Build.0 = Debug|Any CPU
		{05999554-30E5-4A36-87A8-E84ADFBBAB22}.Release|Any CPU.ActiveCfg = Release|Any CPU
		{05999554-30E5-4A36-87A8-E84ADFBBAB22}.Release|Any CPU.Build.0 = Release|Any CPU
	EndGlobalSection
	GlobalSection(SolutionProperties) = preSolution
		HideSolutionNode = FALSE
	EndGlobalSection
	GlobalSection(ExtensibilityGlobals) = postSolution
		SolutionGuid = {C07E192F-4345-41EF-ADFA-6F65E6CD6F6A}
	EndGlobalSection
EndGlobal
